
Microsoft Visual Studio Solution File, Format Version 12.00
# Visual Studio Version 17
VisualStudioVersion = 17.14.36429.23 d17.14
MinimumVisualStudioVersion = 10.0.40219.1
Project("{FAE04EC0-301F-11D3-BF4B-00C04F79EFBC}") = "EnvironmentVariablesManager.MainWindow", "EnvironmentVariablesManager.MainWindow\EnvironmentVariablesManager.MainWindow.csproj", "{BB7187BD-C405-4906-93DF-6F2433DE7738}"
EndProject
Global
	GlobalSection(SolutionConfigurationPlatforms) = preSolution
		Debug|Any CPU = Debug|Any CPU
		Release|Any CPU = Release|Any CPU
	EndGlobalSection
	GlobalSection(ProjectConfigurationPlatforms) = postSolution
		{BB7187BD-C405-4906-93DF-6F2433DE7738}.Debug|Any CPU.ActiveCfg = Debug|Any CPU
		{BB7187BD-C405-4906-93DF-6F2433DE7738}.Debug|Any CPU.Build.0 = Debug|Any CPU
		{BB7187BD-C405-4906-93DF-6F2433DE7738}.Release|Any CPU.ActiveCfg = Release|Any CPU
		{BB7187BD-C405-4906-93DF-6F2433DE7738}.Release|Any CPU.Build.0 = Release|Any CPU
	EndGlobalSection
	GlobalSection(SolutionProperties) = preSolution
		HideSolutionNode = FALSE
	EndGlobalSection
	GlobalSection(ExtensibilityGlobals) = postSolution
		SolutionGuid = {EFEB3727-B8D0-46E7-9A0C-05BA37B0F0A9}
	EndGlobalSection
EndGlobal
